
Microsoft Visual Studio Solution File, Format Version 12.00
# Visual Studio 15
VisualStudioVersion = 15.0.26730.16
MinimumVisualStudioVersion = 10.0.40219.1
Project("{2150E333-8FDC-42A3-9474-1A3956D46DE8}") = "SedaServices", "SedaServices", "{9382DCE8-4D59-4308-A023-B9C2260CE231}"
EndProject
Project("{2150E333-8FDC-42A3-9474-1A3956D46DE8}") = "BuildingBlocks", "BuildingBlocks", "{272E1A1E-2DEB-45D0-9780-A6A61B59E63F}"
EndProject
Project("{9A19103F-16F7-4668-BE54-9A1E7A4F7556}") = "DocWorks.GDocFactory", "DocWorks.GDocFactory\DocWorks.GDocFactory.csproj", "{C10396EF-3CA9-4782-86E2-18E078EE7EB2}"
EndProject
Project("{2150E333-8FDC-42A3-9474-1A3956D46DE8}") = "API", "API", "{C59D9CD1-B9D3-4085-88DC-6FC0E99F6618}"
EndProject
Project("{9A19103F-16F7-4668-BE54-9A1E7A4F7556}") = "DocWorks.Orchestrator", "DocWorks.Notification\DocWorks.Orchestrator.csproj", "{5016FB05-85FF-481F-8366-1E76F567B747}"
EndProject
Project("{9A19103F-16F7-4668-BE54-9A1E7A4F7556}") = "DocWorks.CMS.Api", "DocWorks.CmsApi\DocWorks.CMS.Api.csproj", "{BD424CBD-8619-42AE-B31D-6C23491536F7}"
EndProject
Project("{2150E333-8FDC-42A3-9474-1A3956D46DE8}") = "EventBus", "EventBus", "{2F03E7F0-2906-451A-9E25-A1A896587C5A}"
EndProject
Project("{2150E333-8FDC-42A3-9474-1A3956D46DE8}") = "DataAccess", "DataAccess", "{D8AC686B-C0E2-4C53-9F24-3C91BFC23E0B}"
EndProject
Project("{9A19103F-16F7-4668-BE54-9A1E7A4F7556}") = "DocWorks.BuildingBlocks.EventBus", "DocWorks.EventBus\DocWorks.BuildingBlocks.EventBus.csproj", "{D2331FDE-6252-431D-99DF-ACEFD3C47992}"
EndProject
Project("{9A19103F-16F7-4668-BE54-9A1E7A4F7556}") = "DocWorks.BuildingBlocks.DataAccess", "DocWorks.DataAccess\DocWorks.BuildingBlocks.DataAccess.csproj", "{409E403B-0501-44F5-8DD1-6C707577B203}"
EndProject
Project("{2150E333-8FDC-42A3-9474-1A3956D46DE8}") = "Utility", "Utility", "{69A33B2E-63D2-424E-A574-41B537A570C1}"
EndProject
Project("{9A19103F-16F7-4668-BE54-9A1E7A4F7556}") = "DocWorks.Utility", "DocWorks.Utility\DocWorks.Utility.csproj", "{BE53BD74-C32B-43F9-B21B-4A7E71ACD9E1}"
EndProject
Project("{9A19103F-16F7-4668-BE54-9A1E7A4F7556}") = "DocWorks.SourceSync", "DocWorks.SourceSync\DocWorks.SourceSync.csproj", "{0BDCDD75-79EA-43CC-8A5A-F15CB92A441E}"
EndProject
Project("{9A19103F-16F7-4668-BE54-9A1E7A4F7556}") = "DocWorks.Core", "DocWorks.Core\DocWorks.Core.csproj", "{6FB01758-A1C6-4D44-BC6E-6848D0B00EAE}"
EndProject
Project("{2150E333-8FDC-42A3-9474-1A3956D46DE8}") = "Notification", "Notification", "{808D3821-5055-4B67-8BED-1105E8D74295}"
EndProject
Project("{9A19103F-16F7-4668-BE54-9A1E7A4F7556}") = "DocWorks.BuildingBlocks.Notification", "DocWorks.BuildingBlocks.Notification\DocWorks.BuildingBlocks.Notification.csproj", "{4F6B630E-01EC-416C-8B8A-0DF9F6305D42}"
EndProject
Project("{2150E333-8FDC-42A3-9474-1A3956D46DE8}") = "Global", "Global", "{67495BFC-359D-4386-96E3-8823FC8F2B6D}"
EndProject
Project("{9A19103F-16F7-4668-BE54-9A1E7A4F7556}") = "DocWorks.BuildingBlocks.Global", "DocWorks.BuildingBlocks.Global\DocWorks.BuildingBlocks.Global.csproj", "{ABD6E715-1394-49D4-A935-EF42F8D581C1}"
EndProject
Project("{2150E333-8FDC-42A3-9474-1A3956D46DE8}") = "Common", "Common", "{4D5042AC-18D7-436E-A70D-8112056EEF4D}"
EndProject
Project("{2150E333-8FDC-42A3-9474-1A3956D46DE8}") = "DataAccess", "DataAccess", "{57A7C9C6-B21E-46E1-8AEF-4920B6B10CCB}"
EndProject
Project("{9A19103F-16F7-4668-BE54-9A1E7A4F7556}") = "DocWorks.DataAccess.Common", "DocWorks.DataAccess.Common\DocWorks.DataAccess.Common.csproj", "{821AC364-EC1D-41FD-B977-58A3DE945A8A}"
EndProject
Global
	GlobalSection(SolutionConfigurationPlatforms) = preSolution
		Debug|Any CPU = Debug|Any CPU
		Release|Any CPU = Release|Any CPU
	EndGlobalSection
	GlobalSection(ProjectConfigurationPlatforms) = postSolution
		{C10396EF-3CA9-4782-86E2-18E078EE7EB2}.Debug|Any CPU.ActiveCfg = Debug|Any CPU
		{C10396EF-3CA9-4782-86E2-18E078EE7EB2}.Debug|Any CPU.Build.0 = Debug|Any CPU
		{C10396EF-3CA9-4782-86E2-18E078EE7EB2}.Release|Any CPU.ActiveCfg = Release|Any CPU
		{C10396EF-3CA9-4782-86E2-18E078EE7EB2}.Release|Any CPU.Build.0 = Release|Any CPU
		{5016FB05-85FF-481F-8366-1E76F567B747}.Debug|Any CPU.ActiveCfg = Debug|Any CPU
		{5016FB05-85FF-481F-8366-1E76F567B747}.Debug|Any CPU.Build.0 = Debug|Any CPU
		{5016FB05-85FF-481F-8366-1E76F567B747}.Release|Any CPU.ActiveCfg = Release|Any CPU
		{5016FB05-85FF-481F-8366-1E76F567B747}.Release|Any CPU.Build.0 = Release|Any CPU
		{BD424CBD-8619-42AE-B31D-6C23491536F7}.Debug|Any CPU.ActiveCfg = Debug|Any CPU
		{BD424CBD-8619-42AE-B31D-6C23491536F7}.Debug|Any CPU.Build.0 = Debug|Any CPU
		{BD424CBD-8619-42AE-B31D-6C23491536F7}.Release|Any CPU.ActiveCfg = Release|Any CPU
		{BD424CBD-8619-42AE-B31D-6C23491536F7}.Release|Any CPU.Build.0 = Release|Any CPU
		{D2331FDE-6252-431D-99DF-ACEFD3C47992}.Debug|Any CPU.ActiveCfg = Debug|Any CPU
		{D2331FDE-6252-431D-99DF-ACEFD3C47992}.Debug|Any CPU.Build.0 = Debug|Any CPU
		{D2331FDE-6252-431D-99DF-ACEFD3C47992}.Release|Any CPU.ActiveCfg = Release|Any CPU
		{D2331FDE-6252-431D-99DF-ACEFD3C47992}.Release|Any CPU.Build.0 = Release|Any CPU
		{409E403B-0501-44F5-8DD1-6C707577B203}.Debug|Any CPU.ActiveCfg = Debug|Any CPU
		{409E403B-0501-44F5-8DD1-6C707577B203}.Debug|Any CPU.Build.0 = Debug|Any CPU
		{409E403B-0501-44F5-8DD1-6C707577B203}.Release|Any CPU.ActiveCfg = Release|Any CPU
		{409E403B-0501-44F5-8DD1-6C707577B203}.Release|Any CPU.Build.0 = Release|Any CPU
		{BE53BD74-C32B-43F9-B21B-4A7E71ACD9E1}.Debug|Any CPU.ActiveCfg = Debug|Any CPU
		{BE53BD74-C32B-43F9-B21B-4A7E71ACD9E1}.Debug|Any CPU.Build.0 = Debug|Any CPU
		{BE53BD74-C32B-43F9-B21B-4A7E71ACD9E1}.Release|Any CPU.ActiveCfg = Release|Any CPU
		{BE53BD74-C32B-43F9-B21B-4A7E71ACD9E1}.Release|Any CPU.Build.0 = Release|Any CPU
		{0BDCDD75-79EA-43CC-8A5A-F15CB92A441E}.Debug|Any CPU.ActiveCfg = Debug|Any CPU
		{0BDCDD75-79EA-43CC-8A5A-F15CB92A441E}.Debug|Any CPU.Build.0 = Debug|Any CPU
		{0BDCDD75-79EA-43CC-8A5A-F15CB92A441E}.Release|Any CPU.ActiveCfg = Release|Any CPU
		{0BDCDD75-79EA-43CC-8A5A-F15CB92A441E}.Release|Any CPU.Build.0 = Release|Any CPU
		{6FB01758-A1C6-4D44-BC6E-6848D0B00EAE}.Debug|Any CPU.ActiveCfg = Debug|Any CPU
		{6FB01758-A1C6-4D44-BC6E-6848D0B00EAE}.Debug|Any CPU.Build.0 = Debug|Any CPU
		{6FB01758-A1C6-4D44-BC6E-6848D0B00EAE}.Release|Any CPU.ActiveCfg = Release|Any CPU
		{6FB01758-A1C6-4D44-BC6E-6848D0B00EAE}.Release|Any CPU.Build.0 = Release|Any CPU
		{4F6B630E-01EC-416C-8B8A-0DF9F6305D42}.Debug|Any CPU.ActiveCfg = Debug|Any CPU
		{4F6B630E-01EC-416C-8B8A-0DF9F6305D42}.Debug|Any CPU.Build.0 = Debug|Any CPU
		{4F6B630E-01EC-416C-8B8A-0DF9F6305D42}.Release|Any CPU.ActiveCfg = Release|Any CPU
		{4F6B630E-01EC-416C-8B8A-0DF9F6305D42}.Release|Any CPU.Build.0 = Release|Any CPU
		{ABD6E715-1394-49D4-A935-EF42F8D581C1}.Debug|Any CPU.ActiveCfg = Debug|Any CPU
		{ABD6E715-1394-49D4-A935-EF42F8D581C1}.Debug|Any CPU.Build.0 = Debug|Any CPU
		{ABD6E715-1394-49D4-A935-EF42F8D581C1}.Release|Any CPU.ActiveCfg = Release|Any CPU
		{ABD6E715-1394-49D4-A935-EF42F8D581C1}.Release|Any CPU.Build.0 = Release|Any CPU
		{821AC364-EC1D-41FD-B977-58A3DE945A8A}.Debug|Any CPU.ActiveCfg = Debug|Any CPU
		{821AC364-EC1D-41FD-B977-58A3DE945A8A}.Debug|Any CPU.Build.0 = Debug|Any CPU
		{821AC364-EC1D-41FD-B977-58A3DE945A8A}.Release|Any CPU.ActiveCfg = Release|Any CPU
		{821AC364-EC1D-41FD-B977-58A3DE945A8A}.Release|Any CPU.Build.0 = Release|Any CPU
	EndGlobalSection
	GlobalSection(SolutionProperties) = preSolution
		HideSolutionNode = FALSE
	EndGlobalSection
	GlobalSection(NestedProjects) = preSolution
		{C10396EF-3CA9-4782-86E2-18E078EE7EB2} = {9382DCE8-4D59-4308-A023-B9C2260CE231}
		{5016FB05-85FF-481F-8366-1E76F567B747} = {9382DCE8-4D59-4308-A023-B9C2260CE231}
		{BD424CBD-8619-42AE-B31D-6C23491536F7} = {C59D9CD1-B9D3-4085-88DC-6FC0E99F6618}
		{2F03E7F0-2906-451A-9E25-A1A896587C5A} = {272E1A1E-2DEB-45D0-9780-A6A61B59E63F}
		{D8AC686B-C0E2-4C53-9F24-3C91BFC23E0B} = {272E1A1E-2DEB-45D0-9780-A6A61B59E63F}
		{D2331FDE-6252-431D-99DF-ACEFD3C47992} = {2F03E7F0-2906-451A-9E25-A1A896587C5A}
		{409E403B-0501-44F5-8DD1-6C707577B203} = {D8AC686B-C0E2-4C53-9F24-3C91BFC23E0B}
		{BE53BD74-C32B-43F9-B21B-4A7E71ACD9E1} = {69A33B2E-63D2-424E-A574-41B537A570C1}
		{0BDCDD75-79EA-43CC-8A5A-F15CB92A441E} = {9382DCE8-4D59-4308-A023-B9C2260CE231}
		{6FB01758-A1C6-4D44-BC6E-6848D0B00EAE} = {9382DCE8-4D59-4308-A023-B9C2260CE231}
		{808D3821-5055-4B67-8BED-1105E8D74295} = {272E1A1E-2DEB-45D0-9780-A6A61B59E63F}
		{4F6B630E-01EC-416C-8B8A-0DF9F6305D42} = {808D3821-5055-4B67-8BED-1105E8D74295}
		{67495BFC-359D-4386-96E3-8823FC8F2B6D} = {272E1A1E-2DEB-45D0-9780-A6A61B59E63F}
		{ABD6E715-1394-49D4-A935-EF42F8D581C1} = {67495BFC-359D-4386-96E3-8823FC8F2B6D}
		{57A7C9C6-B21E-46E1-8AEF-4920B6B10CCB} = {4D5042AC-18D7-436E-A70D-8112056EEF4D}
		{821AC364-EC1D-41FD-B977-58A3DE945A8A} = {57A7C9C6-B21E-46E1-8AEF-4920B6B10CCB}
	EndGlobalSection
	GlobalSection(ExtensibilityGlobals) = postSolution
		SolutionGuid = {CECB85E1-68F5-4E6C-B9B6-2A48DE9448C7}
	EndGlobalSection
EndGlobal
