
Microsoft Visual Studio Solution File, Format Version 12.00
# Visual Studio 15
VisualStudioVersion = 15.0.26730.16
MinimumVisualStudioVersion = 10.0.40219.1
Project("{2150E333-8FDC-42A3-9474-1A3956D46DE8}") = "SedaServices", "SedaServices", "{9382DCE8-4D59-4308-A023-B9C2260CE231}"
EndProject
Project("{2150E333-8FDC-42A3-9474-1A3956D46DE8}") = "BuildingBlocks", "BuildingBlocks", "{272E1A1E-2DEB-45D0-9780-A6A61B59E63F}"
EndProject
Project("{9A19103F-16F7-4668-BE54-9A1E7A4F7556}") = "DocWorks.GDocFactory", "DocWorks.GDocFactory\DocWorks.GDocFactory.csproj", "{C10396EF-3CA9-4782-86E2-18E078EE7EB2}"
EndProject
Project("{2150E333-8FDC-42A3-9474-1A3956D46DE8}") = "API", "API", "{C59D9CD1-B9D3-4085-88DC-6FC0E99F6618}"
EndProject
Project("{9A19103F-16F7-4668-BE54-9A1E7A4F7556}") = "DocWorks.Notification", "DocWorks.Notification\DocWorks.Notification.csproj", "{5016FB05-85FF-481F-8366-1E76F567B747}"
EndProject
Project("{9A19103F-16F7-4668-BE54-9A1E7A4F7556}") = "DocWorks.CmsApi", "DocWorks.CmsApi\DocWorks.CmsApi.csproj", "{BD424CBD-8619-42AE-B31D-6C23491536F7}"
EndProject
Project("{2150E333-8FDC-42A3-9474-1A3956D46DE8}") = "Messaging", "Messaging", "{2F03E7F0-2906-451A-9E25-A1A896587C5A}"
EndProject
Project("{2150E333-8FDC-42A3-9474-1A3956D46DE8}") = "DataAccess", "DataAccess", "{D8AC686B-C0E2-4C53-9F24-3C91BFC23E0B}"
EndProject
Project("{9A19103F-16F7-4668-BE54-9A1E7A4F7556}") = "DocWorks.BuildingBlocks.EventBus", "DocWorks.EventBus\DocWorks.BuildingBlocks.EventBus.csproj", "{D2331FDE-6252-431D-99DF-ACEFD3C47992}"
EndProject
Project("{9A19103F-16F7-4668-BE54-9A1E7A4F7556}") = "DocWorks.BuildingBlocks.DataAccess", "DocWorks.DataAccess\DocWorks.BuildingBlocks.DataAccess.csproj", "{409E403B-0501-44F5-8DD1-6C707577B203}"
EndProject
Project("{2150E333-8FDC-42A3-9474-1A3956D46DE8}") = "Utility", "Utility", "{69A33B2E-63D2-424E-A574-41B537A570C1}"
EndProject
Project("{FAE04EC0-301F-11D3-BF4B-00C04F79EFBC}") = "DocWorks.Utility", "DocWorks.Utility\DocWorks.Utility.csproj", "{BE53BD74-C32B-43F9-B21B-4A7E71ACD9E1}"
EndProject
Project("{2150E333-8FDC-42A3-9474-1A3956D46DE8}") = "ErrorHandling", "ErrorHandling", "{C2B8CEE0-989C-4BE0-9729-AB603EB118F1}"
EndProject
Project("{FAE04EC0-301F-11D3-BF4B-00C04F79EFBC}") = "DocWorks.BuildingBlocks.ErrorHandling", "DocWorks.BuildingBlocks.ErrorHandling\DocWorks.BuildingBlocks.ErrorHandling.csproj", "{A811DE51-D61E-457E-81F0-192FAE9B489A}"
EndProject
Project("{2150E333-8FDC-42A3-9474-1A3956D46DE8}") = "Web", "Web", "{C364A265-659C-41A9-B6EE-DC87EDD0EBA0}"
EndProject
Project("{FAE04EC0-301F-11D3-BF4B-00C04F79EFBC}") = "DocWorks.WebUI", "DocWorks.WebUI\DocWorks.WebUI.csproj", "{34322C41-D8CA-422F-9CE2-3F6F9616C9EA}"
EndProject
Global
	GlobalSection(SolutionConfigurationPlatforms) = preSolution
		Debug|Any CPU = Debug|Any CPU
		Release|Any CPU = Release|Any CPU
	EndGlobalSection
	GlobalSection(ProjectConfigurationPlatforms) = postSolution
		{C10396EF-3CA9-4782-86E2-18E078EE7EB2}.Debug|Any CPU.ActiveCfg = Debug|Any CPU
		{C10396EF-3CA9-4782-86E2-18E078EE7EB2}.Debug|Any CPU.Build.0 = Debug|Any CPU
		{C10396EF-3CA9-4782-86E2-18E078EE7EB2}.Release|Any CPU.ActiveCfg = Release|Any CPU
		{C10396EF-3CA9-4782-86E2-18E078EE7EB2}.Release|Any CPU.Build.0 = Release|Any CPU
		{5016FB05-85FF-481F-8366-1E76F567B747}.Debug|Any CPU.ActiveCfg = Debug|Any CPU
		{5016FB05-85FF-481F-8366-1E76F567B747}.Debug|Any CPU.Build.0 = Debug|Any CPU
		{5016FB05-85FF-481F-8366-1E76F567B747}.Release|Any CPU.ActiveCfg = Release|Any CPU
		{5016FB05-85FF-481F-8366-1E76F567B747}.Release|Any CPU.Build.0 = Release|Any CPU
		{BD424CBD-8619-42AE-B31D-6C23491536F7}.Debug|Any CPU.ActiveCfg = Debug|Any CPU
		{BD424CBD-8619-42AE-B31D-6C23491536F7}.Debug|Any CPU.Build.0 = Debug|Any CPU
		{BD424CBD-8619-42AE-B31D-6C23491536F7}.Release|Any CPU.ActiveCfg = Release|Any CPU
		{BD424CBD-8619-42AE-B31D-6C23491536F7}.Release|Any CPU.Build.0 = Release|Any CPU
		{D2331FDE-6252-431D-99DF-ACEFD3C47992}.Debug|Any CPU.ActiveCfg = Debug|Any CPU
		{D2331FDE-6252-431D-99DF-ACEFD3C47992}.Debug|Any CPU.Build.0 = Debug|Any CPU
		{D2331FDE-6252-431D-99DF-ACEFD3C47992}.Release|Any CPU.ActiveCfg = Release|Any CPU
		{D2331FDE-6252-431D-99DF-ACEFD3C47992}.Release|Any CPU.Build.0 = Release|Any CPU
		{409E403B-0501-44F5-8DD1-6C707577B203}.Debug|Any CPU.ActiveCfg = Debug|Any CPU
		{409E403B-0501-44F5-8DD1-6C707577B203}.Debug|Any CPU.Build.0 = Debug|Any CPU
		{409E403B-0501-44F5-8DD1-6C707577B203}.Release|Any CPU.ActiveCfg = Release|Any CPU
		{409E403B-0501-44F5-8DD1-6C707577B203}.Release|Any CPU.Build.0 = Release|Any CPU
		{BE53BD74-C32B-43F9-B21B-4A7E71ACD9E1}.Debug|Any CPU.ActiveCfg = Debug|Any CPU
		{BE53BD74-C32B-43F9-B21B-4A7E71ACD9E1}.Debug|Any CPU.Build.0 = Debug|Any CPU
		{BE53BD74-C32B-43F9-B21B-4A7E71ACD9E1}.Release|Any CPU.ActiveCfg = Release|Any CPU
		{BE53BD74-C32B-43F9-B21B-4A7E71ACD9E1}.Release|Any CPU.Build.0 = Release|Any CPU
		{A811DE51-D61E-457E-81F0-192FAE9B489A}.Debug|Any CPU.ActiveCfg = Debug|Any CPU
		{A811DE51-D61E-457E-81F0-192FAE9B489A}.Debug|Any CPU.Build.0 = Debug|Any CPU
		{A811DE51-D61E-457E-81F0-192FAE9B489A}.Release|Any CPU.ActiveCfg = Release|Any CPU
		{A811DE51-D61E-457E-81F0-192FAE9B489A}.Release|Any CPU.Build.0 = Release|Any CPU
		{34322C41-D8CA-422F-9CE2-3F6F9616C9EA}.Debug|Any CPU.ActiveCfg = Debug|Any CPU
		{34322C41-D8CA-422F-9CE2-3F6F9616C9EA}.Debug|Any CPU.Build.0 = Debug|Any CPU
		{34322C41-D8CA-422F-9CE2-3F6F9616C9EA}.Release|Any CPU.ActiveCfg = Release|Any CPU
		{34322C41-D8CA-422F-9CE2-3F6F9616C9EA}.Release|Any CPU.Build.0 = Release|Any CPU
	EndGlobalSection
	GlobalSection(SolutionProperties) = preSolution
		HideSolutionNode = FALSE
	EndGlobalSection
	GlobalSection(NestedProjects) = preSolution
		{C10396EF-3CA9-4782-86E2-18E078EE7EB2} = {9382DCE8-4D59-4308-A023-B9C2260CE231}
		{5016FB05-85FF-481F-8366-1E76F567B747} = {9382DCE8-4D59-4308-A023-B9C2260CE231}
		{BD424CBD-8619-42AE-B31D-6C23491536F7} = {C59D9CD1-B9D3-4085-88DC-6FC0E99F6618}
		{2F03E7F0-2906-451A-9E25-A1A896587C5A} = {272E1A1E-2DEB-45D0-9780-A6A61B59E63F}
		{D8AC686B-C0E2-4C53-9F24-3C91BFC23E0B} = {272E1A1E-2DEB-45D0-9780-A6A61B59E63F}
		{D2331FDE-6252-431D-99DF-ACEFD3C47992} = {2F03E7F0-2906-451A-9E25-A1A896587C5A}
		{409E403B-0501-44F5-8DD1-6C707577B203} = {D8AC686B-C0E2-4C53-9F24-3C91BFC23E0B}
		{BE53BD74-C32B-43F9-B21B-4A7E71ACD9E1} = {69A33B2E-63D2-424E-A574-41B537A570C1}
		{C2B8CEE0-989C-4BE0-9729-AB603EB118F1} = {272E1A1E-2DEB-45D0-9780-A6A61B59E63F}
		{A811DE51-D61E-457E-81F0-192FAE9B489A} = {C2B8CEE0-989C-4BE0-9729-AB603EB118F1}
		{34322C41-D8CA-422F-9CE2-3F6F9616C9EA} = {C364A265-659C-41A9-B6EE-DC87EDD0EBA0}
	EndGlobalSection
	GlobalSection(ExtensibilityGlobals) = postSolution
		SolutionGuid = {CECB85E1-68F5-4E6C-B9B6-2A48DE9448C7}
	EndGlobalSection
EndGlobal
